
Microsoft Visual Studio Solution File, Format Version 12.00
# Visual Studio Version 16
VisualStudioVersion = 16.0.32106.194
MinimumVisualStudioVersion = 10.0.40219.1
Project("{FAE04EC0-301F-11D3-BF4B-00C04F79EFBC}") = "WindowsFormsApp7", "WindowsFormsApp7\WindowsFormsApp7.csproj", "{98FA979B-668A-4F99-A910-67CB47EB6604}"
EndProject
Global
	GlobalSection(SolutionConfigurationPlatforms) = preSolution
		Debug|Any CPU = Debug|Any CPU
		Release|Any CPU = Release|Any CPU
	EndGlobalSection
	GlobalSection(ProjectConfigurationPlatforms) = postSolution
		{98FA979B-668A-4F99-A910-67CB47EB6604}.Debug|Any CPU.ActiveCfg = Debug|Any CPU
		{98FA979B-668A-4F99-A910-67CB47EB6604}.Debug|Any CPU.Build.0 = Debug|Any CPU
		{98FA979B-668A-4F99-A910-67CB47EB6604}.Release|Any CPU.ActiveCfg = Release|Any CPU
		{98FA979B-668A-4F99-A910-67CB47EB6604}.Release|Any CPU.Build.0 = Release|Any CPU
	EndGlobalSection
	GlobalSection(SolutionProperties) = preSolution
		HideSolutionNode = FALSE
	EndGlobalSection
	GlobalSection(ExtensibilityGlobals) = postSolution
		SolutionGuid = {0EC22EA0-87F1-40E4-B367-EFF3477B5752}
	EndGlobalSection
EndGlobal
