
Microsoft Visual Studio Solution File, Format Version 12.00
# Visual Studio Version 16
VisualStudioVersion = 16.0.32106.194
MinimumVisualStudioVersion = 10.0.40219.1
Project("{FAE04EC0-301F-11D3-BF4B-00C04F79EFBC}") = "WindowsFormsApp2", "WindowsFormsApp2\WindowsFormsApp2.csproj", "{BABA3129-05BF-4775-95A0-D939C59A85C5}"
EndProject
Global
	GlobalSection(SolutionConfigurationPlatforms) = preSolution
		Debug|Any CPU = Debug|Any CPU
		Release|Any CPU = Release|Any CPU
	EndGlobalSection
	GlobalSection(ProjectConfigurationPlatforms) = postSolution
		{BABA3129-05BF-4775-95A0-D939C59A85C5}.Debug|Any CPU.ActiveCfg = Debug|Any CPU
		{BABA3129-05BF-4775-95A0-D939C59A85C5}.Debug|Any CPU.Build.0 = Debug|Any CPU
		{BABA3129-05BF-4775-95A0-D939C59A85C5}.Release|Any CPU.ActiveCfg = Release|Any CPU
		{BABA3129-05BF-4775-95A0-D939C59A85C5}.Release|Any CPU.Build.0 = Release|Any CPU
	EndGlobalSection
	GlobalSection(SolutionProperties) = preSolution
		HideSolutionNode = FALSE
	EndGlobalSection
	GlobalSection(ExtensibilityGlobals) = postSolution
		SolutionGuid = {E6941A70-75F3-4050-82E5-982F8EF20D56}
	EndGlobalSection
EndGlobal
